
Microsoft Visual Studio Solution File, Format Version 12.00
# Visual Studio 15
VisualStudioVersion = 15.0.26124.0
MinimumVisualStudioVersion = 15.0.26124.0
Project("{2150E333-8FDC-42A3-9474-1A3956D46DE8}") = "Tests", "Tests", "{14279306-A657-48ED-A3EB-A2C59FEB3D37}"
EndProject
Project("{FAE04EC0-301F-11D3-BF4B-00C04F79EFBC}") = "DIO.Series.Unit", "Tests\DIO.Series.Unit\DIO.Series.Unit.csproj", "{18BFCEA8-6CE5-4BD5-A038-CF2DC821E750}"
EndProject
Project("{FAE04EC0-301F-11D3-BF4B-00C04F79EFBC}") = "DIO.Series.App", "DIO.Series.App\DIO.Series.App.csproj", "{9264A3F3-C0F5-4CF6-AA30-A42BC955D87E}"
EndProject
Project("{FAE04EC0-301F-11D3-BF4B-00C04F79EFBC}") = "DIO.Series.Domain", "DIO.Series.Domain\DIO.Series.Domain.csproj", "{2A16942C-C14D-44E5-8132-C9159BC03C8E}"
EndProject
Project("{FAE04EC0-301F-11D3-BF4B-00C04F79EFBC}") = "DIO.Series.Repository", "DIO.Series.Repository\DIO.Series.Repository.csproj", "{904605B5-4D9D-4249-983A-24C097DACEFB}"
EndProject
Global
	GlobalSection(SolutionConfigurationPlatforms) = preSolution
		Debug|Any CPU = Debug|Any CPU
		Debug|x64 = Debug|x64
		Debug|x86 = Debug|x86
		Release|Any CPU = Release|Any CPU
		Release|x64 = Release|x64
		Release|x86 = Release|x86
	EndGlobalSection
	GlobalSection(SolutionProperties) = preSolution
		HideSolutionNode = FALSE
	EndGlobalSection
	GlobalSection(ProjectConfigurationPlatforms) = postSolution
		{18BFCEA8-6CE5-4BD5-A038-CF2DC821E750}.Debug|Any CPU.ActiveCfg = Debug|Any CPU
		{18BFCEA8-6CE5-4BD5-A038-CF2DC821E750}.Debug|Any CPU.Build.0 = Debug|Any CPU
		{18BFCEA8-6CE5-4BD5-A038-CF2DC821E750}.Debug|x64.ActiveCfg = Debug|Any CPU
		{18BFCEA8-6CE5-4BD5-A038-CF2DC821E750}.Debug|x64.Build.0 = Debug|Any CPU
		{18BFCEA8-6CE5-4BD5-A038-CF2DC821E750}.Debug|x86.ActiveCfg = Debug|Any CPU
		{18BFCEA8-6CE5-4BD5-A038-CF2DC821E750}.Debug|x86.Build.0 = Debug|Any CPU
		{18BFCEA8-6CE5-4BD5-A038-CF2DC821E750}.Release|Any CPU.ActiveCfg = Release|Any CPU
		{18BFCEA8-6CE5-4BD5-A038-CF2DC821E750}.Release|Any CPU.Build.0 = Release|Any CPU
		{18BFCEA8-6CE5-4BD5-A038-CF2DC821E750}.Release|x64.ActiveCfg = Release|Any CPU
		{18BFCEA8-6CE5-4BD5-A038-CF2DC821E750}.Release|x64.Build.0 = Release|Any CPU
		{18BFCEA8-6CE5-4BD5-A038-CF2DC821E750}.Release|x86.ActiveCfg = Release|Any CPU
		{18BFCEA8-6CE5-4BD5-A038-CF2DC821E750}.Release|x86.Build.0 = Release|Any CPU
		{9264A3F3-C0F5-4CF6-AA30-A42BC955D87E}.Debug|Any CPU.ActiveCfg = Debug|Any CPU
		{9264A3F3-C0F5-4CF6-AA30-A42BC955D87E}.Debug|Any CPU.Build.0 = Debug|Any CPU
		{9264A3F3-C0F5-4CF6-AA30-A42BC955D87E}.Debug|x64.ActiveCfg = Debug|Any CPU
		{9264A3F3-C0F5-4CF6-AA30-A42BC955D87E}.Debug|x64.Build.0 = Debug|Any CPU
		{9264A3F3-C0F5-4CF6-AA30-A42BC955D87E}.Debug|x86.ActiveCfg = Debug|Any CPU
		{9264A3F3-C0F5-4CF6-AA30-A42BC955D87E}.Debug|x86.Build.0 = Debug|Any CPU
		{9264A3F3-C0F5-4CF6-AA30-A42BC955D87E}.Release|Any CPU.ActiveCfg = Release|Any CPU
		{9264A3F3-C0F5-4CF6-AA30-A42BC955D87E}.Release|Any CPU.Build.0 = Release|Any CPU
		{9264A3F3-C0F5-4CF6-AA30-A42BC955D87E}.Release|x64.ActiveCfg = Release|Any CPU
		{9264A3F3-C0F5-4CF6-AA30-A42BC955D87E}.Release|x64.Build.0 = Release|Any CPU
		{9264A3F3-C0F5-4CF6-AA30-A42BC955D87E}.Release|x86.ActiveCfg = Release|Any CPU
		{9264A3F3-C0F5-4CF6-AA30-A42BC955D87E}.Release|x86.Build.0 = Release|Any CPU
		{2A16942C-C14D-44E5-8132-C9159BC03C8E}.Debug|Any CPU.ActiveCfg = Debug|Any CPU
		{2A16942C-C14D-44E5-8132-C9159BC03C8E}.Debug|Any CPU.Build.0 = Debug|Any CPU
		{2A16942C-C14D-44E5-8132-C9159BC03C8E}.Debug|x64.ActiveCfg = Debug|Any CPU
		{2A16942C-C14D-44E5-8132-C9159BC03C8E}.Debug|x64.Build.0 = Debug|Any CPU
		{2A16942C-C14D-44E5-8132-C9159BC03C8E}.Debug|x86.ActiveCfg = Debug|Any CPU
		{2A16942C-C14D-44E5-8132-C9159BC03C8E}.Debug|x86.Build.0 = Debug|Any CPU
		{2A16942C-C14D-44E5-8132-C9159BC03C8E}.Release|Any CPU.ActiveCfg = Release|Any CPU
		{2A16942C-C14D-44E5-8132-C9159BC03C8E}.Release|Any CPU.Build.0 = Release|Any CPU
		{2A16942C-C14D-44E5-8132-C9159BC03C8E}.Release|x64.ActiveCfg = Release|Any CPU
		{2A16942C-C14D-44E5-8132-C9159BC03C8E}.Release|x64.Build.0 = Release|Any CPU
		{2A16942C-C14D-44E5-8132-C9159BC03C8E}.Release|x86.ActiveCfg = Release|Any CPU
		{2A16942C-C14D-44E5-8132-C9159BC03C8E}.Release|x86.Build.0 = Release|Any CPU
		{904605B5-4D9D-4249-983A-24C097DACEFB}.Debug|Any CPU.ActiveCfg = Debug|Any CPU
		{904605B5-4D9D-4249-983A-24C097DACEFB}.Debug|Any CPU.Build.0 = Debug|Any CPU
		{904605B5-4D9D-4249-983A-24C097DACEFB}.Debug|x64.ActiveCfg = Debug|Any CPU
		{904605B5-4D9D-4249-983A-24C097DACEFB}.Debug|x64.Build.0 = Debug|Any CPU
		{904605B5-4D9D-4249-983A-24C097DACEFB}.Debug|x86.ActiveCfg = Debug|Any CPU
		{904605B5-4D9D-4249-983A-24C097DACEFB}.Debug|x86.Build.0 = Debug|Any CPU
		{904605B5-4D9D-4249-983A-24C097DACEFB}.Release|Any CPU.ActiveCfg = Release|Any CPU
		{904605B5-4D9D-4249-983A-24C097DACEFB}.Release|Any CPU.Build.0 = Release|Any CPU
		{904605B5-4D9D-4249-983A-24C097DACEFB}.Release|x64.ActiveCfg = Release|Any CPU
		{904605B5-4D9D-4249-983A-24C097DACEFB}.Release|x64.Build.0 = Release|Any CPU
		{904605B5-4D9D-4249-983A-24C097DACEFB}.Release|x86.ActiveCfg = Release|Any CPU
		{904605B5-4D9D-4249-983A-24C097DACEFB}.Release|x86.Build.0 = Release|Any CPU
	EndGlobalSection
	GlobalSection(NestedProjects) = preSolution
		{18BFCEA8-6CE5-4BD5-A038-CF2DC821E750} = {14279306-A657-48ED-A3EB-A2C59FEB3D37}
	EndGlobalSection
EndGlobal
